// !$*UTF8*$!
{
	archiveVersion = 1;
	classes = {
	};
	objectVersion = 56;
	objects = {

/* Begin PBXBuildFile section */
		5D1E984F2C9411F3001FA1CF /* RockTurtleQuizApp.swift in Sources */ = {isa = PBXBuildFile; fileRef = 5D1E984E2C9411F3001FA1CF /* RockTurtleQuizApp.swift */; };
		5D1E98532C9411F4001FA1CF /* Assets.xcassets in Resources */ = {isa = PBXBuildFile; fileRef = 5D1E98522C9411F4001FA1CF /* Assets.xcassets */; };
		5D1E98572C9411F4001FA1CF /* Preview Assets.xcassets in Resources */ = {isa = PBXBuildFile; fileRef = 5D1E98562C9411F4001FA1CF /* Preview Assets.xcassets */; };
		5D1E985F2C942052001FA1CF /* ComposableArchitecture in Frameworks */ = {isa = PBXBuildFile; productRef = 5D1E985E2C942052001FA1CF /* ComposableArchitecture */; };
		5D1E98642C942F2C001FA1CF /* QuizView.swift in Sources */ = {isa = PBXBuildFile; fileRef = 5D1E98632C942F2C001FA1CF /* QuizView.swift */; };
		5D1E98662C942F32001FA1CF /* QuizReducer.swift in Sources */ = {isa = PBXBuildFile; fileRef = 5D1E98652C942F32001FA1CF /* QuizReducer.swift */; };
		5D1E987D2C996303001FA1CF /* Lato-Italic.ttf in Resources */ = {isa = PBXBuildFile; fileRef = 5D1E986B2C996303001FA1CF /* Lato-Italic.ttf */; };
		5D1E987E2C996303001FA1CF /* Lato-LightItalic.ttf in Resources */ = {isa = PBXBuildFile; fileRef = 5D1E986C2C996303001FA1CF /* Lato-LightItalic.ttf */; };
		5D1E987F2C996303001FA1CF /* Lato-Thin.ttf in Resources */ = {isa = PBXBuildFile; fileRef = 5D1E986D2C996303001FA1CF /* Lato-Thin.ttf */; };
		5D1E98802C996303001FA1CF /* Lato-Bold.ttf in Resources */ = {isa = PBXBuildFile; fileRef = 5D1E986E2C996303001FA1CF /* Lato-Bold.ttf */; };
		5D1E98812C996303001FA1CF /* Lato-Black.ttf in Resources */ = {isa = PBXBuildFile; fileRef = 5D1E986F2C996303001FA1CF /* Lato-Black.ttf */; };
		5D1E98822C996303001FA1CF /* Pretendard-Regular.otf in Resources */ = {isa = PBXBuildFile; fileRef = 5D1E98702C996303001FA1CF /* Pretendard-Regular.otf */; };
		5D1E98832C996303001FA1CF /* NotoSans-Bold.otf in Resources */ = {isa = PBXBuildFile; fileRef = 5D1E98712C996303001FA1CF /* NotoSans-Bold.otf */; };
		5D1E98842C996303001FA1CF /* NotoSansCJKkr-Medium.otf in Resources */ = {isa = PBXBuildFile; fileRef = 5D1E98722C996303001FA1CF /* NotoSansCJKkr-Medium.otf */; };
		5D1E98852C996303001FA1CF /* Lato-Regular.ttf in Resources */ = {isa = PBXBuildFile; fileRef = 5D1E98732C996303001FA1CF /* Lato-Regular.ttf */; };
		5D1E98862C996303001FA1CF /* Lato-BlackItalic.ttf in Resources */ = {isa = PBXBuildFile; fileRef = 5D1E98742C996303001FA1CF /* Lato-BlackItalic.ttf */; };
		5D1E98872C996303001FA1CF /* Pretendard-Medium.otf in Resources */ = {isa = PBXBuildFile; fileRef = 5D1E98752C996303001FA1CF /* Pretendard-Medium.otf */; };
		5D1E98882C996303001FA1CF /* Lato-BoldItalic.ttf in Resources */ = {isa = PBXBuildFile; fileRef = 5D1E98762C996303001FA1CF /* Lato-BoldItalic.ttf */; };
		5D1E98892C996303001FA1CF /* Pretendard-Bold.otf in Resources */ = {isa = PBXBuildFile; fileRef = 5D1E98772C996303001FA1CF /* Pretendard-Bold.otf */; };
		5D1E988A2C996303001FA1CF /* Lato-Light.ttf in Resources */ = {isa = PBXBuildFile; fileRef = 5D1E98782C996303001FA1CF /* Lato-Light.ttf */; };
		5D1E988B2C996303001FA1CF /* Lato-ThinItalic.ttf in Resources */ = {isa = PBXBuildFile; fileRef = 5D1E98792C996303001FA1CF /* Lato-ThinItalic.ttf */; };
		5D1E988C2C996303001FA1CF /* NotoSansCJKkr-Regular.otf in Resources */ = {isa = PBXBuildFile; fileRef = 5D1E987A2C996303001FA1CF /* NotoSansCJKkr-Regular.otf */; };
		5D1E988D2C996303001FA1CF /* NotoSansCJKkr-Bold.otf in Resources */ = {isa = PBXBuildFile; fileRef = 5D1E987B2C996303001FA1CF /* NotoSansCJKkr-Bold.otf */; };
		5D1E988E2C996303001FA1CF /* Pretendard-SemiBold.otf in Resources */ = {isa = PBXBuildFile; fileRef = 5D1E987C2C996303001FA1CF /* Pretendard-SemiBold.otf */; };
		5DE0241C2C9D118100472395 /* QuizViewModel.swift in Sources */ = {isa = PBXBuildFile; fileRef = 5DE0241B2C9D118100472395 /* QuizViewModel.swift */; };
		62D84C992C9957C800E56E56 /* RswiftLibrary in Frameworks */ = {isa = PBXBuildFile; productRef = 62D84C982C9957C800E56E56 /* RswiftLibrary */; };
		62D84CAD2C99608300E56E56 /* AppDelegate.swift in Sources */ = {isa = PBXBuildFile; fileRef = 62D84CAC2C99608300E56E56 /* AppDelegate.swift */; };
		62D84CB02C9960DC00E56E56 /* WindowDelegate.swift in Sources */ = {isa = PBXBuildFile; fileRef = 62D84CAF2C9960DC00E56E56 /* WindowDelegate.swift */; };
		62D84CB22C9961CE00E56E56 /* RockTurtleQuizResources.swift in Sources */ = {isa = PBXBuildFile; fileRef = 62D84CB12C9961CE00E56E56 /* RockTurtleQuizResources.swift */; };
		62D84CB52C99659A00E56E56 /* SwiftUI+Resources.swift in Sources */ = {isa = PBXBuildFile; fileRef = 62D84CB42C99659A00E56E56 /* SwiftUI+Resources.swift */; };
		62D84CB82C9968DC00E56E56 /* HomeView.swift in Sources */ = {isa = PBXBuildFile; fileRef = 62D84CB72C9968DC00E56E56 /* HomeView.swift */; };
		62D84CBE2C996BB100E56E56 /* Quiz.swift in Sources */ = {isa = PBXBuildFile; fileRef = 62D84CBD2C996BB100E56E56 /* Quiz.swift */; };
/* End PBXBuildFile section */

/* Begin PBXFileReference section */
		5D1E984B2C9411F3001FA1CF /* RockTurtleQuiz.app */ = {isa = PBXFileReference; explicitFileType = wrapper.application; includeInIndex = 0; path = RockTurtleQuiz.app; sourceTree = BUILT_PRODUCTS_DIR; };
		5D1E984E2C9411F3001FA1CF /* RockTurtleQuizApp.swift */ = {isa = PBXFileReference; lastKnownFileType = sourcecode.swift; path = RockTurtleQuizApp.swift; sourceTree = "<group>"; };
		5D1E98522C9411F4001FA1CF /* Assets.xcassets */ = {isa = PBXFileReference; lastKnownFileType = folder.assetcatalog; path = Assets.xcassets; sourceTree = "<group>"; };
		5D1E98542C9411F4001FA1CF /* RockTurtleQuiz.entitlements */ = {isa = PBXFileReference; lastKnownFileType = text.plist.entitlements; path = RockTurtleQuiz.entitlements; sourceTree = "<group>"; };
		5D1E98562C9411F4001FA1CF /* Preview Assets.xcassets */ = {isa = PBXFileReference; lastKnownFileType = folder.assetcatalog; path = "Preview Assets.xcassets"; sourceTree = "<group>"; };
		5D1E98632C942F2C001FA1CF /* QuizView.swift */ = {isa = PBXFileReference; lastKnownFileType = sourcecode.swift; path = QuizView.swift; sourceTree = "<group>"; };
		5D1E98652C942F32001FA1CF /* QuizReducer.swift */ = {isa = PBXFileReference; lastKnownFileType = sourcecode.swift; path = QuizReducer.swift; sourceTree = "<group>"; };
		5D1E986B2C996303001FA1CF /* Lato-Italic.ttf */ = {isa = PBXFileReference; lastKnownFileType = file; path = "Lato-Italic.ttf"; sourceTree = "<group>"; };
		5D1E986C2C996303001FA1CF /* Lato-LightItalic.ttf */ = {isa = PBXFileReference; lastKnownFileType = file; path = "Lato-LightItalic.ttf"; sourceTree = "<group>"; };
		5D1E986D2C996303001FA1CF /* Lato-Thin.ttf */ = {isa = PBXFileReference; lastKnownFileType = file; path = "Lato-Thin.ttf"; sourceTree = "<group>"; };
		5D1E986E2C996303001FA1CF /* Lato-Bold.ttf */ = {isa = PBXFileReference; lastKnownFileType = file; path = "Lato-Bold.ttf"; sourceTree = "<group>"; };
		5D1E986F2C996303001FA1CF /* Lato-Black.ttf */ = {isa = PBXFileReference; lastKnownFileType = file; path = "Lato-Black.ttf"; sourceTree = "<group>"; };
		5D1E98702C996303001FA1CF /* Pretendard-Regular.otf */ = {isa = PBXFileReference; lastKnownFileType = file; path = "Pretendard-Regular.otf"; sourceTree = "<group>"; };
		5D1E98712C996303001FA1CF /* NotoSans-Bold.otf */ = {isa = PBXFileReference; lastKnownFileType = file; path = "NotoSans-Bold.otf"; sourceTree = "<group>"; };
		5D1E98722C996303001FA1CF /* NotoSansCJKkr-Medium.otf */ = {isa = PBXFileReference; lastKnownFileType = file; path = "NotoSansCJKkr-Medium.otf"; sourceTree = "<group>"; };
		5D1E98732C996303001FA1CF /* Lato-Regular.ttf */ = {isa = PBXFileReference; lastKnownFileType = file; path = "Lato-Regular.ttf"; sourceTree = "<group>"; };
		5D1E98742C996303001FA1CF /* Lato-BlackItalic.ttf */ = {isa = PBXFileReference; lastKnownFileType = file; path = "Lato-BlackItalic.ttf"; sourceTree = "<group>"; };
		5D1E98752C996303001FA1CF /* Pretendard-Medium.otf */ = {isa = PBXFileReference; lastKnownFileType = file; path = "Pretendard-Medium.otf"; sourceTree = "<group>"; };
		5D1E98762C996303001FA1CF /* Lato-BoldItalic.ttf */ = {isa = PBXFileReference; lastKnownFileType = file; path = "Lato-BoldItalic.ttf"; sourceTree = "<group>"; };
		5D1E98772C996303001FA1CF /* Pretendard-Bold.otf */ = {isa = PBXFileReference; lastKnownFileType = file; path = "Pretendard-Bold.otf"; sourceTree = "<group>"; };
		5D1E98782C996303001FA1CF /* Lato-Light.ttf */ = {isa = PBXFileReference; lastKnownFileType = file; path = "Lato-Light.ttf"; sourceTree = "<group>"; };
		5D1E98792C996303001FA1CF /* Lato-ThinItalic.ttf */ = {isa = PBXFileReference; lastKnownFileType = file; path = "Lato-ThinItalic.ttf"; sourceTree = "<group>"; };
		5D1E987A2C996303001FA1CF /* NotoSansCJKkr-Regular.otf */ = {isa = PBXFileReference; lastKnownFileType = file; path = "NotoSansCJKkr-Regular.otf"; sourceTree = "<group>"; };
		5D1E987B2C996303001FA1CF /* NotoSansCJKkr-Bold.otf */ = {isa = PBXFileReference; lastKnownFileType = file; path = "NotoSansCJKkr-Bold.otf"; sourceTree = "<group>"; };
		5D1E987C2C996303001FA1CF /* Pretendard-SemiBold.otf */ = {isa = PBXFileReference; lastKnownFileType = file; path = "Pretendard-SemiBold.otf"; sourceTree = "<group>"; };
		5DE0241B2C9D118100472395 /* QuizViewModel.swift */ = {isa = PBXFileReference; lastKnownFileType = sourcecode.swift; path = QuizViewModel.swift; sourceTree = "<group>"; };
		5DE024212C9D608A00472395 /* Info.plist */ = {isa = PBXFileReference; lastKnownFileType = text.plist; path = Info.plist; sourceTree = "<group>"; };
		62D84CAC2C99608300E56E56 /* AppDelegate.swift */ = {isa = PBXFileReference; lastKnownFileType = sourcecode.swift; path = AppDelegate.swift; sourceTree = "<group>"; };
		62D84CAF2C9960DC00E56E56 /* WindowDelegate.swift */ = {isa = PBXFileReference; lastKnownFileType = sourcecode.swift; path = WindowDelegate.swift; sourceTree = "<group>"; };
		62D84CB12C9961CE00E56E56 /* RockTurtleQuizResources.swift */ = {isa = PBXFileReference; lastKnownFileType = sourcecode.swift; path = RockTurtleQuizResources.swift; sourceTree = "<group>"; };
		62D84CB42C99659A00E56E56 /* SwiftUI+Resources.swift */ = {isa = PBXFileReference; lastKnownFileType = sourcecode.swift; path = "SwiftUI+Resources.swift"; sourceTree = "<group>"; };
		62D84CB72C9968DC00E56E56 /* HomeView.swift */ = {isa = PBXFileReference; lastKnownFileType = sourcecode.swift; path = HomeView.swift; sourceTree = "<group>"; };
		62D84CBD2C996BB100E56E56 /* Quiz.swift */ = {isa = PBXFileReference; lastKnownFileType = sourcecode.swift; path = Quiz.swift; sourceTree = "<group>"; };
/* End PBXFileReference section */

/* Begin PBXFrameworksBuildPhase section */
		5D1E98482C9411F3001FA1CF /* Frameworks */ = {
			isa = PBXFrameworksBuildPhase;
			buildActionMask = 2147483647;
			files = (
				5D1E985F2C942052001FA1CF /* ComposableArchitecture in Frameworks */,
				62D84C992C9957C800E56E56 /* RswiftLibrary in Frameworks */,
			);
			runOnlyForDeploymentPostprocessing = 0;
		};
/* End PBXFrameworksBuildPhase section */

/* Begin PBXGroup section */
		5D1E98422C9411F3001FA1CF = {
			isa = PBXGroup;
			children = (
				5D1E984D2C9411F3001FA1CF /* RockTurtleQuiz */,
				5D1E984C2C9411F3001FA1CF /* Products */,
			);
			sourceTree = "<group>";
		};
		5D1E984C2C9411F3001FA1CF /* Products */ = {
			isa = PBXGroup;
			children = (
				5D1E984B2C9411F3001FA1CF /* RockTurtleQuiz.app */,
			);
			name = Products;
			sourceTree = "<group>";
		};
		5D1E984D2C9411F3001FA1CF /* RockTurtleQuiz */ = {
			isa = PBXGroup;
			children = (
				5DE024212C9D608A00472395 /* Info.plist */,
				62D84C9D2C995C8E00E56E56 /* App */,
				5D1E98612C942F13001FA1CF /* Reducers */,
				5D1E98602C942F0A001FA1CF /* Views */,
				62D84CBB2C996BA200E56E56 /* Models */,
				62D84C9E2C995C9F00E56E56 /* Resources */,
				5D1E98552C9411F4001FA1CF /* Preview Content */,
			);
			path = RockTurtleQuiz;
			sourceTree = "<group>";
		};
		5D1E98552C9411F4001FA1CF /* Preview Content */ = {
			isa = PBXGroup;
			children = (
				5D1E98562C9411F4001FA1CF /* Preview Assets.xcassets */,
			);
			path = "Preview Content";
			sourceTree = "<group>";
		};
		5D1E98602C942F0A001FA1CF /* Views */ = {
			isa = PBXGroup;
			children = (
				62D84CB72C9968DC00E56E56 /* HomeView.swift */,
				5D1E98632C942F2C001FA1CF /* QuizView.swift */,
				5DE0241B2C9D118100472395 /* QuizViewModel.swift */,
			);
			path = Views;
			sourceTree = "<group>";
		};
		5D1E98612C942F13001FA1CF /* Reducers */ = {
			isa = PBXGroup;
			children = (
				5D1E98652C942F32001FA1CF /* QuizReducer.swift */,
			);
			path = Reducers;
			sourceTree = "<group>";
		};
		5D1E986A2C996303001FA1CF /* Font */ = {
			isa = PBXGroup;
			children = (
				5D1E986B2C996303001FA1CF /* Lato-Italic.ttf */,
				5D1E986C2C996303001FA1CF /* Lato-LightItalic.ttf */,
				5D1E986D2C996303001FA1CF /* Lato-Thin.ttf */,
				5D1E986E2C996303001FA1CF /* Lato-Bold.ttf */,
				5D1E986F2C996303001FA1CF /* Lato-Black.ttf */,
				5D1E98702C996303001FA1CF /* Pretendard-Regular.otf */,
				5D1E98712C996303001FA1CF /* NotoSans-Bold.otf */,
				5D1E98722C996303001FA1CF /* NotoSansCJKkr-Medium.otf */,
				5D1E98732C996303001FA1CF /* Lato-Regular.ttf */,
				5D1E98742C996303001FA1CF /* Lato-BlackItalic.ttf */,
				5D1E98752C996303001FA1CF /* Pretendard-Medium.otf */,
				5D1E98762C996303001FA1CF /* Lato-BoldItalic.ttf */,
				5D1E98772C996303001FA1CF /* Pretendard-Bold.otf */,
				5D1E98782C996303001FA1CF /* Lato-Light.ttf */,
				5D1E98792C996303001FA1CF /* Lato-ThinItalic.ttf */,
				5D1E987A2C996303001FA1CF /* NotoSansCJKkr-Regular.otf */,
				5D1E987B2C996303001FA1CF /* NotoSansCJKkr-Bold.otf */,
				5D1E987C2C996303001FA1CF /* Pretendard-SemiBold.otf */,
			);
			path = Font;
			sourceTree = "<group>";
		};
		62D84C9D2C995C8E00E56E56 /* App */ = {
			isa = PBXGroup;
			children = (
				5D1E984E2C9411F3001FA1CF /* RockTurtleQuizApp.swift */,
				62D84CAC2C99608300E56E56 /* AppDelegate.swift */,
				62D84CAF2C9960DC00E56E56 /* WindowDelegate.swift */,
			);
			path = App;
			sourceTree = "<group>";
		};
		62D84C9E2C995C9F00E56E56 /* Resources */ = {
			isa = PBXGroup;
			children = (
				5D1E986A2C996303001FA1CF /* Font */,
				5D1E98522C9411F4001FA1CF /* Assets.xcassets */,
				5D1E98542C9411F4001FA1CF /* RockTurtleQuiz.entitlements */,
				62D84CB12C9961CE00E56E56 /* RockTurtleQuizResources.swift */,
				62D84CB42C99659A00E56E56 /* SwiftUI+Resources.swift */,
			);
			path = Resources;
			sourceTree = "<group>";
		};
		62D84CBB2C996BA200E56E56 /* Models */ = {
			isa = PBXGroup;
			children = (
				62D84CBD2C996BB100E56E56 /* Quiz.swift */,
			);
			path = Models;
			sourceTree = "<group>";
		};
/* End PBXGroup section */

/* Begin PBXNativeTarget section */
		5D1E984A2C9411F3001FA1CF /* RockTurtleQuiz */ = {
			isa = PBXNativeTarget;
			buildConfigurationList = 5D1E985A2C9411F4001FA1CF /* Build configuration list for PBXNativeTarget "RockTurtleQuiz" */;
			buildPhases = (
				5D1E98472C9411F3001FA1CF /* Sources */,
				5D1E98482C9411F3001FA1CF /* Frameworks */,
				5D1E98492C9411F3001FA1CF /* Resources */,
			);
			buildRules = (
			);
			dependencies = (
				62D84C9B2C9957F900E56E56 /* PBXTargetDependency */,
			);
			name = RockTurtleQuiz;
			packageProductDependencies = (
				5D1E985E2C942052001FA1CF /* ComposableArchitecture */,
				62D84C982C9957C800E56E56 /* RswiftLibrary */,
			);
			productName = RockTurtleQuiz;
			productReference = 5D1E984B2C9411F3001FA1CF /* RockTurtleQuiz.app */;
			productType = "com.apple.product-type.application";
		};
/* End PBXNativeTarget section */

/* Begin PBXProject section */
		5D1E98432C9411F3001FA1CF /* Project object */ = {
			isa = PBXProject;
			attributes = {
				BuildIndependentTargetsInParallel = 1;
				LastSwiftUpdateCheck = 1500;
				LastUpgradeCheck = 1500;
				TargetAttributes = {
					5D1E984A2C9411F3001FA1CF = {
						CreatedOnToolsVersion = 15.0;
					};
				};
			};
			buildConfigurationList = 5D1E98462C9411F3001FA1CF /* Build configuration list for PBXProject "RockTurtleQuiz" */;
			compatibilityVersion = "Xcode 14.0";
			developmentRegion = en;
			hasScannedForEncodings = 0;
			knownRegions = (
				en,
				Base,
			);
			mainGroup = 5D1E98422C9411F3001FA1CF;
			packageReferences = (
				5D1E985D2C942052001FA1CF /* XCRemoteSwiftPackageReference "swift-composable-architecture" */,
				62D84C972C9957C800E56E56 /* XCRemoteSwiftPackageReference "R" */,
			);
			productRefGroup = 5D1E984C2C9411F3001FA1CF /* Products */;
			projectDirPath = "";
			projectRoot = "";
			targets = (
				5D1E984A2C9411F3001FA1CF /* RockTurtleQuiz */,
			);
		};
/* End PBXProject section */

/* Begin PBXResourcesBuildPhase section */
		5D1E98492C9411F3001FA1CF /* Resources */ = {
			isa = PBXResourcesBuildPhase;
			buildActionMask = 2147483647;
			files = (
				5D1E988D2C996303001FA1CF /* NotoSansCJKkr-Bold.otf in Resources */,
				5D1E98812C996303001FA1CF /* Lato-Black.ttf in Resources */,
				5D1E98892C996303001FA1CF /* Pretendard-Bold.otf in Resources */,
				5D1E98572C9411F4001FA1CF /* Preview Assets.xcassets in Resources */,
				5D1E98802C996303001FA1CF /* Lato-Bold.ttf in Resources */,
				5D1E98872C996303001FA1CF /* Pretendard-Medium.otf in Resources */,
				5D1E98832C996303001FA1CF /* NotoSans-Bold.otf in Resources */,
				5D1E988E2C996303001FA1CF /* Pretendard-SemiBold.otf in Resources */,
				5D1E98882C996303001FA1CF /* Lato-BoldItalic.ttf in Resources */,
				5D1E987D2C996303001FA1CF /* Lato-Italic.ttf in Resources */,
				5D1E987F2C996303001FA1CF /* Lato-Thin.ttf in Resources */,
				5D1E98822C996303001FA1CF /* Pretendard-Regular.otf in Resources */,
				5D1E98532C9411F4001FA1CF /* Assets.xcassets in Resources */,
				5D1E98862C996303001FA1CF /* Lato-BlackItalic.ttf in Resources */,
				5D1E987E2C996303001FA1CF /* Lato-LightItalic.ttf in Resources */,
				5D1E988C2C996303001FA1CF /* NotoSansCJKkr-Regular.otf in Resources */,
				5D1E98842C996303001FA1CF /* NotoSansCJKkr-Medium.otf in Resources */,
				5D1E98852C996303001FA1CF /* Lato-Regular.ttf in Resources */,
				5D1E988A2C996303001FA1CF /* Lato-Light.ttf in Resources */,
				5D1E988B2C996303001FA1CF /* Lato-ThinItalic.ttf in Resources */,
			);
			runOnlyForDeploymentPostprocessing = 0;
		};
/* End PBXResourcesBuildPhase section */

/* Begin PBXSourcesBuildPhase section */
		5D1E98472C9411F3001FA1CF /* Sources */ = {
			isa = PBXSourcesBuildPhase;
			buildActionMask = 2147483647;
			files = (
				62D84CBE2C996BB100E56E56 /* Quiz.swift in Sources */,
				62D84CAD2C99608300E56E56 /* AppDelegate.swift in Sources */,
				62D84CB22C9961CE00E56E56 /* RockTurtleQuizResources.swift in Sources */,
				5DE0241C2C9D118100472395 /* QuizViewModel.swift in Sources */,
				62D84CB52C99659A00E56E56 /* SwiftUI+Resources.swift in Sources */,
				5D1E984F2C9411F3001FA1CF /* RockTurtleQuizApp.swift in Sources */,
				62D84CB02C9960DC00E56E56 /* WindowDelegate.swift in Sources */,
				62D84CB82C9968DC00E56E56 /* HomeView.swift in Sources */,
				5D1E98642C942F2C001FA1CF /* QuizView.swift in Sources */,
				5D1E98662C942F32001FA1CF /* QuizReducer.swift in Sources */,
			);
			runOnlyForDeploymentPostprocessing = 0;
		};
/* End PBXSourcesBuildPhase section */

/* Begin PBXTargetDependency section */
		62D84C9B2C9957F900E56E56 /* PBXTargetDependency */ = {
			isa = PBXTargetDependency;
			productRef = 62D84C9A2C9957F900E56E56 /* RswiftGenerateInternalResources */;
		};
/* End PBXTargetDependency section */

/* Begin XCBuildConfiguration section */
		5D1E98582C9411F4001FA1CF /* Debug */ = {
			isa = XCBuildConfiguration;
			buildSettings = {
				ALWAYS_SEARCH_USER_PATHS = NO;
				ASSETCATALOG_COMPILER_GENERATE_SWIFT_ASSET_SYMBOL_EXTENSIONS = YES;
				CLANG_ANALYZER_NONNULL = YES;
				CLANG_ANALYZER_NUMBER_OBJECT_CONVERSION = YES_AGGRESSIVE;
				CLANG_CXX_LANGUAGE_STANDARD = "gnu++20";
				CLANG_ENABLE_MODULES = YES;
				CLANG_ENABLE_OBJC_ARC = YES;
				CLANG_ENABLE_OBJC_WEAK = YES;
				CLANG_WARN_BLOCK_CAPTURE_AUTORELEASING = YES;
				CLANG_WARN_BOOL_CONVERSION = YES;
				CLANG_WARN_COMMA = YES;
				CLANG_WARN_CONSTANT_CONVERSION = YES;
				CLANG_WARN_DEPRECATED_OBJC_IMPLEMENTATIONS = YES;
				CLANG_WARN_DIRECT_OBJC_ISA_USAGE = YES_ERROR;
				CLANG_WARN_DOCUMENTATION_COMMENTS = YES;
				CLANG_WARN_EMPTY_BODY = YES;
				CLANG_WARN_ENUM_CONVERSION = YES;
				CLANG_WARN_INFINITE_RECURSION = YES;
				CLANG_WARN_INT_CONVERSION = YES;
				CLANG_WARN_NON_LITERAL_NULL_CONVERSION = YES;
				CLANG_WARN_OBJC_IMPLICIT_RETAIN_SELF = YES;
				CLANG_WARN_OBJC_LITERAL_CONVERSION = YES;
				CLANG_WARN_OBJC_ROOT_CLASS = YES_ERROR;
				CLANG_WARN_QUOTED_INCLUDE_IN_FRAMEWORK_HEADER = YES;
				CLANG_WARN_RANGE_LOOP_ANALYSIS = YES;
				CLANG_WARN_STRICT_PROTOTYPES = YES;
				CLANG_WARN_SUSPICIOUS_MOVE = YES;
				CLANG_WARN_UNGUARDED_AVAILABILITY = YES_AGGRESSIVE;
				CLANG_WARN_UNREACHABLE_CODE = YES;
				CLANG_WARN__DUPLICATE_METHOD_MATCH = YES;
				COPY_PHASE_STRIP = NO;
				DEBUG_INFORMATION_FORMAT = dwarf;
				ENABLE_STRICT_OBJC_MSGSEND = YES;
				ENABLE_TESTABILITY = YES;
				ENABLE_USER_SCRIPT_SANDBOXING = YES;
				GCC_C_LANGUAGE_STANDARD = gnu17;
				GCC_DYNAMIC_NO_PIC = NO;
				GCC_NO_COMMON_BLOCKS = YES;
				GCC_OPTIMIZATION_LEVEL = 0;
				GCC_PREPROCESSOR_DEFINITIONS = (
					"DEBUG=1",
					"$(inherited)",
				);
				GCC_WARN_64_TO_32_BIT_CONVERSION = YES;
				GCC_WARN_ABOUT_RETURN_TYPE = YES_ERROR;
				GCC_WARN_UNDECLARED_SELECTOR = YES;
				GCC_WARN_UNINITIALIZED_AUTOS = YES_AGGRESSIVE;
				GCC_WARN_UNUSED_FUNCTION = YES;
				GCC_WARN_UNUSED_VARIABLE = YES;
				LOCALIZATION_PREFERS_STRING_CATALOGS = YES;
				MTL_ENABLE_DEBUG_INFO = INCLUDE_SOURCE;
				MTL_FAST_MATH = YES;
				ONLY_ACTIVE_ARCH = YES;
				SWIFT_ACTIVE_COMPILATION_CONDITIONS = "DEBUG $(inherited)";
				SWIFT_OPTIMIZATION_LEVEL = "-Onone";
			};
			name = Debug;
		};
		5D1E98592C9411F4001FA1CF /* Release */ = {
			isa = XCBuildConfiguration;
			buildSettings = {
				ALWAYS_SEARCH_USER_PATHS = NO;
				ASSETCATALOG_COMPILER_GENERATE_SWIFT_ASSET_SYMBOL_EXTENSIONS = YES;
				CLANG_ANALYZER_NONNULL = YES;
				CLANG_ANALYZER_NUMBER_OBJECT_CONVERSION = YES_AGGRESSIVE;
				CLANG_CXX_LANGUAGE_STANDARD = "gnu++20";
				CLANG_ENABLE_MODULES = YES;
				CLANG_ENABLE_OBJC_ARC = YES;
				CLANG_ENABLE_OBJC_WEAK = YES;
				CLANG_WARN_BLOCK_CAPTURE_AUTORELEASING = YES;
				CLANG_WARN_BOOL_CONVERSION = YES;
				CLANG_WARN_COMMA = YES;
				CLANG_WARN_CONSTANT_CONVERSION = YES;
				CLANG_WARN_DEPRECATED_OBJC_IMPLEMENTATIONS = YES;
				CLANG_WARN_DIRECT_OBJC_ISA_USAGE = YES_ERROR;
				CLANG_WARN_DOCUMENTATION_COMMENTS = YES;
				CLANG_WARN_EMPTY_BODY = YES;
				CLANG_WARN_ENUM_CONVERSION = YES;
				CLANG_WARN_INFINITE_RECURSION = YES;
				CLANG_WARN_INT_CONVERSION = YES;
				CLANG_WARN_NON_LITERAL_NULL_CONVERSION = YES;
				CLANG_WARN_OBJC_IMPLICIT_RETAIN_SELF = YES;
				CLANG_WARN_OBJC_LITERAL_CONVERSION = YES;
				CLANG_WARN_OBJC_ROOT_CLASS = YES_ERROR;
				CLANG_WARN_QUOTED_INCLUDE_IN_FRAMEWORK_HEADER = YES;
				CLANG_WARN_RANGE_LOOP_ANALYSIS = YES;
				CLANG_WARN_STRICT_PROTOTYPES = YES;
				CLANG_WARN_SUSPICIOUS_MOVE = YES;
				CLANG_WARN_UNGUARDED_AVAILABILITY = YES_AGGRESSIVE;
				CLANG_WARN_UNREACHABLE_CODE = YES;
				CLANG_WARN__DUPLICATE_METHOD_MATCH = YES;
				COPY_PHASE_STRIP = NO;
				DEBUG_INFORMATION_FORMAT = "dwarf-with-dsym";
				ENABLE_NS_ASSERTIONS = NO;
				ENABLE_STRICT_OBJC_MSGSEND = YES;
				ENABLE_USER_SCRIPT_SANDBOXING = YES;
				GCC_C_LANGUAGE_STANDARD = gnu17;
				GCC_NO_COMMON_BLOCKS = YES;
				GCC_WARN_64_TO_32_BIT_CONVERSION = YES;
				GCC_WARN_ABOUT_RETURN_TYPE = YES_ERROR;
				GCC_WARN_UNDECLARED_SELECTOR = YES;
				GCC_WARN_UNINITIALIZED_AUTOS = YES_AGGRESSIVE;
				GCC_WARN_UNUSED_FUNCTION = YES;
				GCC_WARN_UNUSED_VARIABLE = YES;
				LOCALIZATION_PREFERS_STRING_CATALOGS = YES;
				MTL_ENABLE_DEBUG_INFO = NO;
				MTL_FAST_MATH = YES;
				SWIFT_COMPILATION_MODE = wholemodule;
			};
			name = Release;
		};
		5D1E985B2C9411F4001FA1CF /* Debug */ = {
			isa = XCBuildConfiguration;
			buildSettings = {
				ASSETCATALOG_COMPILER_APPICON_NAME = AppIcon;
				ASSETCATALOG_COMPILER_GLOBAL_ACCENT_COLOR_NAME = AccentColor;
				CODE_SIGN_ENTITLEMENTS = RockTurtleQuiz/Resources/RockTurtleQuiz.entitlements;
				"CODE_SIGN_IDENTITY[sdk=macosx*]" = "Apple Development";
				CODE_SIGN_STYLE = Automatic;
				CURRENT_PROJECT_VERSION = 1;
				DEVELOPMENT_ASSET_PATHS = "\"RockTurtleQuiz/Preview Content\"";
				DEVELOPMENT_TEAM = 23Z89DEDAB;
				ENABLE_HARDENED_RUNTIME = YES;
				ENABLE_PREVIEWS = YES;
				GENERATE_INFOPLIST_FILE = YES;
				INFOPLIST_FILE = RockTurtleQuiz/Info.plist;
				INFOPLIST_KEY_CFBundleDisplayName = "바위게 퀴즈";
				"INFOPLIST_KEY_UIApplicationSceneManifest_Generation[sdk=iphoneos*]" = YES;
				"INFOPLIST_KEY_UIApplicationSceneManifest_Generation[sdk=iphonesimulator*]" = YES;
				"INFOPLIST_KEY_UIApplicationSupportsIndirectInputEvents[sdk=iphoneos*]" = YES;
				"INFOPLIST_KEY_UIApplicationSupportsIndirectInputEvents[sdk=iphonesimulator*]" = YES;
				"INFOPLIST_KEY_UILaunchScreen_Generation[sdk=iphoneos*]" = YES;
				"INFOPLIST_KEY_UILaunchScreen_Generation[sdk=iphonesimulator*]" = YES;
				"INFOPLIST_KEY_UIStatusBarStyle[sdk=iphoneos*]" = UIStatusBarStyleDefault;
				"INFOPLIST_KEY_UIStatusBarStyle[sdk=iphonesimulator*]" = UIStatusBarStyleDefault;
				INFOPLIST_KEY_UISupportedInterfaceOrientations_iPad = "UIInterfaceOrientationPortrait UIInterfaceOrientationPortraitUpsideDown UIInterfaceOrientationLandscapeLeft UIInterfaceOrientationLandscapeRight";
				INFOPLIST_KEY_UISupportedInterfaceOrientations_iPhone = "UIInterfaceOrientationPortrait UIInterfaceOrientationLandscapeLeft UIInterfaceOrientationLandscapeRight";
				INFOPLIST_KEY_UIUserInterfaceStyle = Light;
				IPHONEOS_DEPLOYMENT_TARGET = 17.0;
				LD_RUNPATH_SEARCH_PATHS = "@executable_path/Frameworks";
				"LD_RUNPATH_SEARCH_PATHS[sdk=macosx*]" = "@executable_path/../Frameworks";
				MACOSX_DEPLOYMENT_TARGET = 14.0;
				MARKETING_VERSION = 1.0;
				PRODUCT_BUNDLE_IDENTIFIER = ys.RockTurtleQuiz;
				PRODUCT_NAME = "$(TARGET_NAME)";
				SDKROOT = auto;
				SUPPORTED_PLATFORMS = "iphoneos iphonesimulator macosx";
				SWIFT_EMIT_LOC_STRINGS = YES;
				SWIFT_VERSION = 5.0;
				TARGETED_DEVICE_FAMILY = "1,2";
			};
			name = Debug;
		};
		5D1E985C2C9411F4001FA1CF /* Release */ = {
			isa = XCBuildConfiguration;
			buildSettings = {
				ASSETCATALOG_COMPILER_APPICON_NAME = AppIcon;
				ASSETCATALOG_COMPILER_GLOBAL_ACCENT_COLOR_NAME = AccentColor;
				CODE_SIGN_ENTITLEMENTS = RockTurtleQuiz/Resources/RockTurtleQuiz.entitlements;
				"CODE_SIGN_IDENTITY[sdk=macosx*]" = "Apple Development";
				CODE_SIGN_STYLE = Automatic;
				CURRENT_PROJECT_VERSION = 1;
				DEVELOPMENT_ASSET_PATHS = "\"RockTurtleQuiz/Preview Content\"";
				DEVELOPMENT_TEAM = 23Z89DEDAB;
				ENABLE_HARDENED_RUNTIME = YES;
				ENABLE_PREVIEWS = YES;
				GENERATE_INFOPLIST_FILE = YES;
				INFOPLIST_FILE = RockTurtleQuiz/Info.plist;
				INFOPLIST_KEY_CFBundleDisplayName = "바위게 퀴즈";
				"INFOPLIST_KEY_UIApplicationSceneManifest_Generation[sdk=iphoneos*]" = YES;
				"INFOPLIST_KEY_UIApplicationSceneManifest_Generation[sdk=iphonesimulator*]" = YES;
				"INFOPLIST_KEY_UIApplicationSupportsIndirectInputEvents[sdk=iphoneos*]" = YES;
				"INFOPLIST_KEY_UIApplicationSupportsIndirectInputEvents[sdk=iphonesimulator*]" = YES;
				"INFOPLIST_KEY_UILaunchScreen_Generation[sdk=iphoneos*]" = YES;
				"INFOPLIST_KEY_UILaunchScreen_Generation[sdk=iphonesimulator*]" = YES;
				"INFOPLIST_KEY_UIStatusBarStyle[sdk=iphoneos*]" = UIStatusBarStyleDefault;
				"INFOPLIST_KEY_UIStatusBarStyle[sdk=iphonesimulator*]" = UIStatusBarStyleDefault;
				INFOPLIST_KEY_UISupportedInterfaceOrientations_iPad = "UIInterfaceOrientationPortrait UIInterfaceOrientationPortraitUpsideDown UIInterfaceOrientationLandscapeLeft UIInterfaceOrientationLandscapeRight";
				INFOPLIST_KEY_UISupportedInterfaceOrientations_iPhone = "UIInterfaceOrientationPortrait UIInterfaceOrientationLandscapeLeft UIInterfaceOrientationLandscapeRight";
				INFOPLIST_KEY_UIUserInterfaceStyle = Light;
				IPHONEOS_DEPLOYMENT_TARGET = 17.0;
				LD_RUNPATH_SEARCH_PATHS = "@executable_path/Frameworks";
				"LD_RUNPATH_SEARCH_PATHS[sdk=macosx*]" = "@executable_path/../Frameworks";
				MACOSX_DEPLOYMENT_TARGET = 14.0;
				MARKETING_VERSION = 1.0;
				PRODUCT_BUNDLE_IDENTIFIER = ys.RockTurtleQuiz;
				PRODUCT_NAME = "$(TARGET_NAME)";
				SDKROOT = auto;
				SUPPORTED_PLATFORMS = "iphoneos iphonesimulator macosx";
				SWIFT_EMIT_LOC_STRINGS = YES;
				SWIFT_VERSION = 5.0;
				TARGETED_DEVICE_FAMILY = "1,2";
			};
			name = Release;
		};
/* End XCBuildConfiguration section */

/* Begin XCConfigurationList section */
		5D1E98462C9411F3001FA1CF /* Build configuration list for PBXProject "RockTurtleQuiz" */ = {
			isa = XCConfigurationList;
			buildConfigurations = (
				5D1E98582C9411F4001FA1CF /* Debug */,
				5D1E98592C9411F4001FA1CF /* Release */,
			);
			defaultConfigurationIsVisible = 0;
			defaultConfigurationName = Release;
		};
		5D1E985A2C9411F4001FA1CF /* Build configuration list for PBXNativeTarget "RockTurtleQuiz" */ = {
			isa = XCConfigurationList;
			buildConfigurations = (
				5D1E985B2C9411F4001FA1CF /* Debug */,
				5D1E985C2C9411F4001FA1CF /* Release */,
			);
			defaultConfigurationIsVisible = 0;
			defaultConfigurationName = Release;
		};
/* End XCConfigurationList section */

/* Begin XCRemoteSwiftPackageReference section */
		5D1E985D2C942052001FA1CF /* XCRemoteSwiftPackageReference "swift-composable-architecture" */ = {
			isa = XCRemoteSwiftPackageReference;
			repositoryURL = "https://github.com/pointfreeco/swift-composable-architecture#Installation";
			requirement = {
				kind = upToNextMajorVersion;
				minimumVersion = 1.15.0;
			};
		};
		62D84C972C9957C800E56E56 /* XCRemoteSwiftPackageReference "R" */ = {
			isa = XCRemoteSwiftPackageReference;
			repositoryURL = "https://github.com/mac-cain13/R.swift";
			requirement = {
				kind = upToNextMajorVersion;
				minimumVersion = 7.5.0;
			};
		};
/* End XCRemoteSwiftPackageReference section */

/* Begin XCSwiftPackageProductDependency section */
		5D1E985E2C942052001FA1CF /* ComposableArchitecture */ = {
			isa = XCSwiftPackageProductDependency;
			package = 5D1E985D2C942052001FA1CF /* XCRemoteSwiftPackageReference "swift-composable-architecture" */;
			productName = ComposableArchitecture;
		};
		62D84C982C9957C800E56E56 /* RswiftLibrary */ = {
			isa = XCSwiftPackageProductDependency;
			package = 62D84C972C9957C800E56E56 /* XCRemoteSwiftPackageReference "R" */;
			productName = RswiftLibrary;
		};
		62D84C9A2C9957F900E56E56 /* RswiftGenerateInternalResources */ = {
			isa = XCSwiftPackageProductDependency;
			productName = "plugin:RswiftGenerateInternalResources";
		};
/* End XCSwiftPackageProductDependency section */
	};
	rootObject = 5D1E98432C9411F3001FA1CF /* Project object */;
}
